Microsoft Visual Studio Solution File, Format Version 11.00
# Visual Studio 2010
Project("{FAE04EC0-301F-11D3-BF4B-00C04F79EFBC}") = "Assembly-CSharp", "Assembly-CSharp.csproj", "{C537B334-E7D0-153D-1D3B-64C8D9DA8D84}"
EndProject
Project("{FAE04EC0-301F-11D3-BF4B-00C04F79EFBC}") = "Assembly-CSharp-firstpass", "Assembly-CSharp-firstpass.csproj", "{FD9F818D-6784-536A-3879-BFA3D872B322}"
EndProject
Project("{FAE04EC0-301F-11D3-BF4B-00C04F79EFBC}") = "Assembly-CSharp-Editor", "Assembly-CSharp-Editor.csproj", "{992BF369-84B4-D8D9-69B1-C7A2A2266449}"
EndProject
Project("{FAE04EC0-301F-11D3-BF4B-00C04F79EFBC}") = "Assembly-CSharp-Editor-firstpass", "Assembly-CSharp-Editor-firstpass.csproj", "{4BDFBF66-CC26-DB8F-7F76-B21FDEEA67A5}"
EndProject
Global
	GlobalSection(SolutionConfigurationPlatforms) = preSolution
		Debug|Any CPU = Debug|Any CPU
		Release|Any CPU = Release|Any CPU
	EndGlobalSection
	GlobalSection(ProjectConfigurationPlatforms) = postSolution
		{C537B334-E7D0-153D-1D3B-64C8D9DA8D84}.Debug|Any CPU.ActiveCfg = Debug|Any CPU
		{C537B334-E7D0-153D-1D3B-64C8D9DA8D84}.Debug|Any CPU.Build.0 = Debug|Any CPU
		{C537B334-E7D0-153D-1D3B-64C8D9DA8D84}.Release|Any CPU.ActiveCfg = Release|Any CPU
		{C537B334-E7D0-153D-1D3B-64C8D9DA8D84}.Release|Any CPU.Build.0 = Release|Any CPU
		{FD9F818D-6784-536A-3879-BFA3D872B322}.Debug|Any CPU.ActiveCfg = Debug|Any CPU
		{FD9F818D-6784-536A-3879-BFA3D872B322}.Debug|Any CPU.Build.0 = Debug|Any CPU
		{FD9F818D-6784-536A-3879-BFA3D872B322}.Release|Any CPU.ActiveCfg = Release|Any CPU
		{FD9F818D-6784-536A-3879-BFA3D872B322}.Release|Any CPU.Build.0 = Release|Any CPU
		{992BF369-84B4-D8D9-69B1-C7A2A2266449}.Debug|Any CPU.ActiveCfg = Debug|Any CPU
		{992BF369-84B4-D8D9-69B1-C7A2A2266449}.Debug|Any CPU.Build.0 = Debug|Any CPU
		{992BF369-84B4-D8D9-69B1-C7A2A2266449}.Release|Any CPU.ActiveCfg = Release|Any CPU
		{992BF369-84B4-D8D9-69B1-C7A2A2266449}.Release|Any CPU.Build.0 = Release|Any CPU
		{4BDFBF66-CC26-DB8F-7F76-B21FDEEA67A5}.Debug|Any CPU.ActiveCfg = Debug|Any CPU
		{4BDFBF66-CC26-DB8F-7F76-B21FDEEA67A5}.Debug|Any CPU.Build.0 = Debug|Any CPU
		{4BDFBF66-CC26-DB8F-7F76-B21FDEEA67A5}.Release|Any CPU.ActiveCfg = Release|Any CPU
		{4BDFBF66-CC26-DB8F-7F76-B21FDEEA67A5}.Release|Any CPU.Build.0 = Release|Any CPU
	EndGlobalSection
	GlobalSection(SolutionProperties) = preSolution
		HideSolutionNode = FALSE
	EndGlobalSection
EndGlobal
